
Microsoft Visual Studio Solution File, Format Version 12.00
# Visual Studio Version 16
VisualStudioVersion = 16.0.31624.102
MinimumVisualStudioVersion = 10.0.40219.1
Project("{9A19103F-16F7-4668-BE54-9A1E7A4F7556}") = "COMP2084G_Assignment", "COMP2084G_Assignment\COMP2084G_Assignment.csproj", "{EE52344F-7C55-48C7-9B49-5BE1B4329242}"
EndProject
Project("{2150E333-8FDC-42A3-9474-1A3956D46DE8}") = "Solution Items", "Solution Items", "{1C5E978F-173C-4A9A-AEB1-F8B5F4F91D43}"
	ProjectSection(SolutionItems) = preProject
		README.md = README.md
	EndProjectSection
EndProject
Project("{FAE04EC0-301F-11D3-BF4B-00C04F79EFBC}") = "AssignmentTests", "AssignmentTests\AssignmentTests.csproj", "{1FD5838E-6065-404E-B2F7-3535B18F32CA}"
EndProject
Global
	GlobalSection(SolutionConfigurationPlatforms) = preSolution
		Debug|Any CPU = Debug|Any CPU
		Release|Any CPU = Release|Any CPU
	EndGlobalSection
	GlobalSection(ProjectConfigurationPlatforms) = postSolution
		{EE52344F-7C55-48C7-9B49-5BE1B4329242}.Debug|Any CPU.ActiveCfg = Debug|Any CPU
		{EE52344F-7C55-48C7-9B49-5BE1B4329242}.Debug|Any CPU.Build.0 = Debug|Any CPU
		{EE52344F-7C55-48C7-9B49-5BE1B4329242}.Release|Any CPU.ActiveCfg = Release|Any CPU
		{EE52344F-7C55-48C7-9B49-5BE1B4329242}.Release|Any CPU.Build.0 = Release|Any CPU
		{1FD5838E-6065-404E-B2F7-3535B18F32CA}.Debug|Any CPU.ActiveCfg = Debug|Any CPU
		{1FD5838E-6065-404E-B2F7-3535B18F32CA}.Debug|Any CPU.Build.0 = Debug|Any CPU
		{1FD5838E-6065-404E-B2F7-3535B18F32CA}.Release|Any CPU.ActiveCfg = Release|Any CPU
		{1FD5838E-6065-404E-B2F7-3535B18F32CA}.Release|Any CPU.Build.0 = Release|Any CPU
	EndGlobalSection
	GlobalSection(SolutionProperties) = preSolution
		HideSolutionNode = FALSE
	EndGlobalSection
	GlobalSection(ExtensibilityGlobals) = postSolution
		SolutionGuid = {799751B1-9E70-4B06-98B0-7BD1B016E794}
	EndGlobalSection
EndGlobal
